
Microsoft Visual Studio Solution File, Format Version 12.00
# Visual Studio Version 16
VisualStudioVersion = 16.0.28729.10
MinimumVisualStudioVersion = 10.0.40219.1
Project("{FAE04EC0-301F-11D3-BF4B-00C04F79EFBC}") = "ConsoleApp", "ConsoleApp\ConsoleApp.csproj", "{60649001-DF5D-46FE-8AF0-FCB88410DF5E}"
EndProject
Project("{FAE04EC0-301F-11D3-BF4B-00C04F79EFBC}") = "Common", "Common\Common.csproj", "{33287516-A974-458A-B51E-D87CBFD7FF12}"
EndProject
Project("{FAE04EC0-301F-11D3-BF4B-00C04F79EFBC}") = "Physical_Layer", "Physical_Layer\Physical_Layer.csproj", "{720C3B1B-3E98-48B7-9FEA-6C82F36785E3}"
EndProject
Project("{FAE04EC0-301F-11D3-BF4B-00C04F79EFBC}") = "Link_Layer", "Link_Layer\Link_Layer.csproj", "{6312A455-71A4-49FA-84D8-AF126A03A2CA}"
EndProject
Project("{FAE04EC0-301F-11D3-BF4B-00C04F79EFBC}") = "Simulator", "Simulator\Simulator.csproj", "{522659ED-9C68-4A59-8EC4-119D59F8E2BD}"
EndProject
Global
	GlobalSection(SolutionConfigurationPlatforms) = preSolution
		Debug|Any CPU = Debug|Any CPU
		Release|Any CPU = Release|Any CPU
	EndGlobalSection
	GlobalSection(ProjectConfigurationPlatforms) = postSolution
		{60649001-DF5D-46FE-8AF0-FCB88410DF5E}.Debug|Any CPU.ActiveCfg = Debug|Any CPU
		{60649001-DF5D-46FE-8AF0-FCB88410DF5E}.Debug|Any CPU.Build.0 = Debug|Any CPU
		{60649001-DF5D-46FE-8AF0-FCB88410DF5E}.Release|Any CPU.ActiveCfg = Release|Any CPU
		{60649001-DF5D-46FE-8AF0-FCB88410DF5E}.Release|Any CPU.Build.0 = Release|Any CPU
		{33287516-A974-458A-B51E-D87CBFD7FF12}.Debug|Any CPU.ActiveCfg = Debug|Any CPU
		{33287516-A974-458A-B51E-D87CBFD7FF12}.Debug|Any CPU.Build.0 = Debug|Any CPU
		{33287516-A974-458A-B51E-D87CBFD7FF12}.Release|Any CPU.ActiveCfg = Release|Any CPU
		{33287516-A974-458A-B51E-D87CBFD7FF12}.Release|Any CPU.Build.0 = Release|Any CPU
		{720C3B1B-3E98-48B7-9FEA-6C82F36785E3}.Debug|Any CPU.ActiveCfg = Debug|Any CPU
		{720C3B1B-3E98-48B7-9FEA-6C82F36785E3}.Debug|Any CPU.Build.0 = Debug|Any CPU
		{720C3B1B-3E98-48B7-9FEA-6C82F36785E3}.Release|Any CPU.ActiveCfg = Release|Any CPU
		{720C3B1B-3E98-48B7-9FEA-6C82F36785E3}.Release|Any CPU.Build.0 = Release|Any CPU
		{6312A455-71A4-49FA-84D8-AF126A03A2CA}.Debug|Any CPU.ActiveCfg = Debug|Any CPU
		{6312A455-71A4-49FA-84D8-AF126A03A2CA}.Debug|Any CPU.Build.0 = Debug|Any CPU
		{6312A455-71A4-49FA-84D8-AF126A03A2CA}.Release|Any CPU.ActiveCfg = Release|Any CPU
		{6312A455-71A4-49FA-84D8-AF126A03A2CA}.Release|Any CPU.Build.0 = Release|Any CPU
		{522659ED-9C68-4A59-8EC4-119D59F8E2BD}.Debug|Any CPU.ActiveCfg = Debug|Any CPU
		{522659ED-9C68-4A59-8EC4-119D59F8E2BD}.Debug|Any CPU.Build.0 = Debug|Any CPU
		{522659ED-9C68-4A59-8EC4-119D59F8E2BD}.Release|Any CPU.ActiveCfg = Release|Any CPU
		{522659ED-9C68-4A59-8EC4-119D59F8E2BD}.Release|Any CPU.Build.0 = Release|Any CPU
	EndGlobalSection
	GlobalSection(SolutionProperties) = preSolution
		HideSolutionNode = FALSE
	EndGlobalSection
	GlobalSection(ExtensibilityGlobals) = postSolution
		SolutionGuid = {257B295B-1F76-4573-8570-285A84B7F927}
	EndGlobalSection
EndGlobal
